
Microsoft Visual Studio Solution File, Format Version 11.00
# Visual Studio 2010
Project("{FAE04EC0-301F-11D3-BF4B-00C04F79EFBC}") = "Prototype Imagine Cup V0.2", "Assembly-CSharp.csproj", "{4FDEF81E-AC1C-DA65-855C-2D9994CF10D0}"
EndProject
Global
	GlobalSection(SolutionConfigurationPlatforms) = preSolution
		Debug|Any CPU = Debug|Any CPU
		Release|Any CPU = Release|Any CPU
	EndGlobalSection
	GlobalSection(ProjectConfigurationPlatforms) = postSolution
		{4FDEF81E-AC1C-DA65-855C-2D9994CF10D0}.Debug|Any CPU.ActiveCfg = Debug|Any CPU
		{4FDEF81E-AC1C-DA65-855C-2D9994CF10D0}.Debug|Any CPU.Build.0 = Debug|Any CPU
		{4FDEF81E-AC1C-DA65-855C-2D9994CF10D0}.Release|Any CPU.ActiveCfg = Release|Any CPU
		{4FDEF81E-AC1C-DA65-855C-2D9994CF10D0}.Release|Any CPU.Build.0 = Release|Any CPU
	EndGlobalSection
	GlobalSection(SolutionProperties) = preSolution
		HideSolutionNode = FALSE
	EndGlobalSection
	GlobalSection(MonoDevelopProperties) = preSolution
		StartupItem = Assembly-CSharp.csproj
	EndGlobalSection
EndGlobal
